
Microsoft Visual Studio Solution File, Format Version 12.00
# Visual Studio Version 16
VisualStudioVersion = 16.0.29926.136
MinimumVisualStudioVersion = 10.0.40219.1
Project("{9A19103F-16F7-4668-BE54-9A1E7A4F7556}") = "WebChatSSO", "WebChatSSO.csproj", "{07B4BF06-6DAA-4B67-BF82-B0C7A7EE4094}"
EndProject
Global
	GlobalSection(SolutionConfigurationPlatforms) = preSolution
		Debug|Any CPU = Debug|Any CPU
		Release|Any CPU = Release|Any CPU
	EndGlobalSection
	GlobalSection(ProjectConfigurationPlatforms) = postSolution
		{07B4BF06-6DAA-4B67-BF82-B0C7A7EE4094}.Debug|Any CPU.ActiveCfg = Debug|Any CPU
		{07B4BF06-6DAA-4B67-BF82-B0C7A7EE4094}.Debug|Any CPU.Build.0 = Debug|Any CPU
		{07B4BF06-6DAA-4B67-BF82-B0C7A7EE4094}.Release|Any CPU.ActiveCfg = Release|Any CPU
		{07B4BF06-6DAA-4B67-BF82-B0C7A7EE4094}.Release|Any CPU.Build.0 = Release|Any CPU
	EndGlobalSection
	GlobalSection(SolutionProperties) = preSolution
		HideSolutionNode = FALSE
	EndGlobalSection
	GlobalSection(ExtensibilityGlobals) = postSolution
		SolutionGuid = {B5031074-AE48-4726-B32B-5AB6A9FE0980}
	EndGlobalSection
EndGlobal
